
Microsoft Visual Studio Solution File, Format Version 12.00
# Visual Studio 15
VisualStudioVersion = 15.0.27130.2027
MinimumVisualStudioVersion = 10.0.40219.1
Project("{FAE04EC0-301F-11D3-BF4B-00C04F79EFBC}") = "DemoGAB2018CDMX.Android", "DemoGAB2018CDMX\DemoGAB2018CDMX.Android\DemoGAB2018CDMX.Android.csproj", "{DED66247-1C03-49C1-8136-A1985F840D54}"
EndProject
Project("{FAE04EC0-301F-11D3-BF4B-00C04F79EFBC}") = "DemoGAB2018CDMX.iOS", "DemoGAB2018CDMX\DemoGAB2018CDMX.iOS\DemoGAB2018CDMX.iOS.csproj", "{A826116D-3F80-4EC1-9E81-E0CCB9645584}"
EndProject
Project("{FAE04EC0-301F-11D3-BF4B-00C04F79EFBC}") = "DemoGAB2018CDMX.UWP", "DemoGAB2018CDMX\DemoGAB2018CDMX.UWP\DemoGAB2018CDMX.UWP.csproj", "{F53B3A01-5707-4517-8218-D90E4EB96D7B}"
EndProject
Project("{FAE04EC0-301F-11D3-BF4B-00C04F79EFBC}") = "DemoGAB2018CDMX", "DemoGAB2018CDMX\DemoGAB2018CDMX\DemoGAB2018CDMX.csproj", "{50FDFC26-7AFF-440C-A71C-BF8CCBC1CC41}"
EndProject
Global
	GlobalSection(SolutionConfigurationPlatforms) = preSolution
		Ad-Hoc|Any CPU = Ad-Hoc|Any CPU
		Ad-Hoc|ARM = Ad-Hoc|ARM
		Ad-Hoc|iPhone = Ad-Hoc|iPhone
		Ad-Hoc|iPhoneSimulator = Ad-Hoc|iPhoneSimulator
		Ad-Hoc|x64 = Ad-Hoc|x64
		Ad-Hoc|x86 = Ad-Hoc|x86
		AppStore|Any CPU = AppStore|Any CPU
		AppStore|ARM = AppStore|ARM
		AppStore|iPhone = AppStore|iPhone
		AppStore|iPhoneSimulator = AppStore|iPhoneSimulator
		AppStore|x64 = AppStore|x64
		AppStore|x86 = AppStore|x86
		Debug|Any CPU = Debug|Any CPU
		Debug|ARM = Debug|ARM
		Debug|iPhone = Debug|iPhone
		Debug|iPhoneSimulator = Debug|iPhoneSimulator
		Debug|x64 = Debug|x64
		Debug|x86 = Debug|x86
		Release|Any CPU = Release|Any CPU
		Release|ARM = Release|ARM
		Release|iPhone = Release|iPhone
		Release|iPhoneSimulator = Release|iPhoneSimulator
		Release|x64 = Release|x64
		Release|x86 = Release|x86
	EndGlobalSection
	GlobalSection(ProjectConfigurationPlatforms) = postSolution
		{DED66247-1C03-49C1-8136-A1985F840D54}.Ad-Hoc|Any CPU.ActiveCfg = Release|Any CPU
		{DED66247-1C03-49C1-8136-A1985F840D54}.Ad-Hoc|Any CPU.Build.0 = Release|Any CPU
		{DED66247-1C03-49C1-8136-A1985F840D54}.Ad-Hoc|Any CPU.Deploy.0 = Release|Any CPU
		{DED66247-1C03-49C1-8136-A1985F840D54}.Ad-Hoc|ARM.ActiveCfg = Release|Any CPU
		{DED66247-1C03-49C1-8136-A1985F840D54}.Ad-Hoc|ARM.Build.0 = Release|Any CPU
		{DED66247-1C03-49C1-8136-A1985F840D54}.Ad-Hoc|ARM.Deploy.0 = Release|Any CPU
		{DED66247-1C03-49C1-8136-A1985F840D54}.Ad-Hoc|iPhone.ActiveCfg = Release|Any CPU
		{DED66247-1C03-49C1-8136-A1985F840D54}.Ad-Hoc|iPhone.Build.0 = Release|Any CPU
		{DED66247-1C03-49C1-8136-A1985F840D54}.Ad-Hoc|iPhone.Deploy.0 = Release|Any CPU
		{DED66247-1C03-49C1-8136-A1985F840D54}.Ad-Hoc|iPhoneSimulator.ActiveCfg = Release|Any CPU
		{DED66247-1C03-49C1-8136-A1985F840D54}.Ad-Hoc|iPhoneSimulator.Build.0 = Release|Any CPU
		{DED66247-1C03-49C1-8136-A1985F840D54}.Ad-Hoc|iPhoneSimulator.Deploy.0 = Release|Any CPU
		{DED66247-1C03-49C1-8136-A1985F840D54}.Ad-Hoc|x64.ActiveCfg = Release|Any CPU
		{DED66247-1C03-49C1-8136-A1985F840D54}.Ad-Hoc|x64.Build.0 = Release|Any CPU
		{DED66247-1C03-49C1-8136-A1985F840D54}.Ad-Hoc|x64.Deploy.0 = Release|Any CPU
		{DED66247-1C03-49C1-8136-A1985F840D54}.Ad-Hoc|x86.ActiveCfg = Release|Any CPU
		{DED66247-1C03-49C1-8136-A1985F840D54}.Ad-Hoc|x86.Build.0 = Release|Any CPU
		{DED66247-1C03-49C1-8136-A1985F840D54}.Ad-Hoc|x86.Deploy.0 = Release|Any CPU
		{DED66247-1C03-49C1-8136-A1985F840D54}.AppStore|Any CPU.ActiveCfg = Release|Any CPU
		{DED66247-1C03-49C1-8136-A1985F840D54}.AppStore|Any CPU.Build.0 = Release|Any CPU
		{DED66247-1C03-49C1-8136-A1985F840D54}.AppStore|Any CPU.Deploy.0 = Release|Any CPU
		{DED66247-1C03-49C1-8136-A1985F840D54}.AppStore|ARM.ActiveCfg = Release|Any CPU
		{DED66247-1C03-49C1-8136-A1985F840D54}.AppStore|ARM.Build.0 = Release|Any CPU
		{DED66247-1C03-49C1-8136-A1985F840D54}.AppStore|ARM.Deploy.0 = Release|Any CPU
		{DED66247-1C03-49C1-8136-A1985F840D54}.AppStore|iPhone.ActiveCfg = Release|Any CPU
		{DED66247-1C03-49C1-8136-A1985F840D54}.AppStore|iPhone.Build.0 = Release|Any CPU
		{DED66247-1C03-49C1-8136-A1985F840D54}.AppStore|iPhone.Deploy.0 = Release|Any CPU
		{DED66247-1C03-49C1-8136-A1985F840D54}.AppStore|iPhoneSimulator.ActiveCfg = Release|Any CPU
		{DED66247-1C03-49C1-8136-A1985F840D54}.AppStore|iPhoneSimulator.Build.0 = Release|Any CPU
		{DED66247-1C03-49C1-8136-A1985F840D54}.AppStore|iPhoneSimulator.Deploy.0 = Release|Any CPU
		{DED66247-1C03-49C1-8136-A1985F840D54}.AppStore|x64.ActiveCfg = Release|Any CPU
		{DED66247-1C03-49C1-8136-A1985F840D54}.AppStore|x64.Build.0 = Release|Any CPU
		{DED66247-1C03-49C1-8136-A1985F840D54}.AppStore|x64.Deploy.0 = Release|Any CPU
		{DED66247-1C03-49C1-8136-A1985F840D54}.AppStore|x86.ActiveCfg = Release|Any CPU
		{DED66247-1C03-49C1-8136-A1985F840D54}.AppStore|x86.Build.0 = Release|Any CPU
		{DED66247-1C03-49C1-8136-A1985F840D54}.AppStore|x86.Deploy.0 = Release|Any CPU
		{DED66247-1C03-49C1-8136-A1985F840D54}.Debug|Any CPU.ActiveCfg = Debug|Any CPU
		{DED66247-1C03-49C1-8136-A1985F840D54}.Debug|Any CPU.Build.0 = Debug|Any CPU
		{DED66247-1C03-49C1-8136-A1985F840D54}.Debug|Any CPU.Deploy.0 = Debug|Any CPU
		{DED66247-1C03-49C1-8136-A1985F840D54}.Debug|ARM.ActiveCfg = Debug|Any CPU
		{DED66247-1C03-49C1-8136-A1985F840D54}.Debug|ARM.Build.0 = Debug|Any CPU
		{DED66247-1C03-49C1-8136-A1985F840D54}.Debug|ARM.Deploy.0 = Debug|Any CPU
		{DED66247-1C03-49C1-8136-A1985F840D54}.Debug|iPhone.ActiveCfg = Debug|Any CPU
		{DED66247-1C03-49C1-8136-A1985F840D54}.Debug|iPhone.Build.0 = Debug|Any CPU
		{DED66247-1C03-49C1-8136-A1985F840D54}.Debug|iPhone.Deploy.0 = Debug|Any CPU
		{DED66247-1C03-49C1-8136-A1985F840D54}.Debug|iPhoneSimulator.ActiveCfg = Debug|Any CPU
		{DED66247-1C03-49C1-8136-A1985F840D54}.Debug|iPhoneSimulator.Build.0 = Debug|Any CPU
		{DED66247-1C03-49C1-8136-A1985F840D54}.Debug|iPhoneSimulator.Deploy.0 = Debug|Any CPU
		{DED66247-1C03-49C1-8136-A1985F840D54}.Debug|x64.ActiveCfg = Debug|Any CPU
		{DED66247-1C03-49C1-8136-A1985F840D54}.Debug|x64.Build.0 = Debug|Any CPU
		{DED66247-1C03-49C1-8136-A1985F840D54}.Debug|x64.Deploy.0 = Debug|Any CPU
		{DED66247-1C03-49C1-8136-A1985F840D54}.Debug|x86.ActiveCfg = Debug|Any CPU
		{DED66247-1C03-49C1-8136-A1985F840D54}.Debug|x86.Build.0 = Debug|Any CPU
		{DED66247-1C03-49C1-8136-A1985F840D54}.Debug|x86.Deploy.0 = Debug|Any CPU
		{DED66247-1C03-49C1-8136-A1985F840D54}.Release|Any CPU.ActiveCfg = Release|Any CPU
		{DED66247-1C03-49C1-8136-A1985F840D54}.Release|Any CPU.Build.0 = Release|Any CPU
		{DED66247-1C03-49C1-8136-A1985F840D54}.Release|Any CPU.Deploy.0 = Release|Any CPU
		{DED66247-1C03-49C1-8136-A1985F840D54}.Release|ARM.ActiveCfg = Release|Any CPU
		{DED66247-1C03-49C1-8136-A1985F840D54}.Release|ARM.Build.0 = Release|Any CPU
		{DED66247-1C03-49C1-8136-A1985F840D54}.Release|ARM.Deploy.0 = Release|Any CPU
		{DED66247-1C03-49C1-8136-A1985F840D54}.Release|iPhone.ActiveCfg = Release|Any CPU
		{DED66247-1C03-49C1-8136-A1985F840D54}.Release|iPhone.Build.0 = Release|Any CPU
		{DED66247-1C03-49C1-8136-A1985F840D54}.Release|iPhone.Deploy.0 = Release|Any CPU
		{DED66247-1C03-49C1-8136-A1985F840D54}.Release|iPhoneSimulator.ActiveCfg = Release|Any CPU
		{DED66247-1C03-49C1-8136-A1985F840D54}.Release|iPhoneSimulator.Build.0 = Release|Any CPU
		{DED66247-1C03-49C1-8136-A1985F840D54}.Release|iPhoneSimulator.Deploy.0 = Release|Any CPU
		{DED66247-1C03-49C1-8136-A1985F840D54}.Release|x64.ActiveCfg = Release|Any CPU
		{DED66247-1C03-49C1-8136-A1985F840D54}.Release|x64.Build.0 = Release|Any CPU
		{DED66247-1C03-49C1-8136-A1985F840D54}.Release|x64.Deploy.0 = Release|Any CPU
		{DED66247-1C03-49C1-8136-A1985F840D54}.Release|x86.ActiveCfg = Release|Any CPU
		{DED66247-1C03-49C1-8136-A1985F840D54}.Release|x86.Build.0 = Release|Any CPU
		{DED66247-1C03-49C1-8136-A1985F840D54}.Release|x86.Deploy.0 = Release|Any CPU
		{A826116D-3F80-4EC1-9E81-E0CCB9645584}.Ad-Hoc|Any CPU.ActiveCfg = Ad-Hoc|iPhone
		{A826116D-3F80-4EC1-9E81-E0CCB9645584}.Ad-Hoc|ARM.ActiveCfg = Ad-Hoc|iPhone
		{A826116D-3F80-4EC1-9E81-E0CCB9645584}.Ad-Hoc|iPhone.ActiveCfg = Ad-Hoc|iPhone
		{A826116D-3F80-4EC1-9E81-E0CCB9645584}.Ad-Hoc|iPhone.Build.0 = Ad-Hoc|iPhone
		{A826116D-3F80-4EC1-9E81-E0CCB9645584}.Ad-Hoc|iPhoneSimulator.ActiveCfg = Ad-Hoc|iPhoneSimulator
		{A826116D-3F80-4EC1-9E81-E0CCB9645584}.Ad-Hoc|iPhoneSimulator.Build.0 = Ad-Hoc|iPhoneSimulator
		{A826116D-3F80-4EC1-9E81-E0CCB9645584}.Ad-Hoc|x64.ActiveCfg = Ad-Hoc|iPhone
		{A826116D-3F80-4EC1-9E81-E0CCB9645584}.Ad-Hoc|x86.ActiveCfg = Ad-Hoc|iPhone
		{A826116D-3F80-4EC1-9E81-E0CCB9645584}.AppStore|Any CPU.ActiveCfg = AppStore|iPhone
		{A826116D-3F80-4EC1-9E81-E0CCB9645584}.AppStore|ARM.ActiveCfg = AppStore|iPhone
		{A826116D-3F80-4EC1-9E81-E0CCB9645584}.AppStore|iPhone.ActiveCfg = AppStore|iPhone
		{A826116D-3F80-4EC1-9E81-E0CCB9645584}.AppStore|iPhone.Build.0 = AppStore|iPhone
		{A826116D-3F80-4EC1-9E81-E0CCB9645584}.AppStore|iPhoneSimulator.ActiveCfg = AppStore|iPhoneSimulator
		{A826116D-3F80-4EC1-9E81-E0CCB9645584}.AppStore|iPhoneSimulator.Build.0 = AppStore|iPhoneSimulator
		{A826116D-3F80-4EC1-9E81-E0CCB9645584}.AppStore|x64.ActiveCfg = AppStore|iPhone
		{A826116D-3F80-4EC1-9E81-E0CCB9645584}.AppStore|x86.ActiveCfg = AppStore|iPhone
		{A826116D-3F80-4EC1-9E81-E0CCB9645584}.Debug|Any CPU.ActiveCfg = Debug|iPhone
		{A826116D-3F80-4EC1-9E81-E0CCB9645584}.Debug|ARM.ActiveCfg = Debug|iPhone
		{A826116D-3F80-4EC1-9E81-E0CCB9645584}.Debug|iPhone.ActiveCfg = Debug|iPhone
		{A826116D-3F80-4EC1-9E81-E0CCB9645584}.Debug|iPhone.Build.0 = Debug|iPhone
		{A826116D-3F80-4EC1-9E81-E0CCB9645584}.Debug|iPhoneSimulator.ActiveCfg = Debug|iPhoneSimulator
		{A826116D-3F80-4EC1-9E81-E0CCB9645584}.Debug|iPhoneSimulator.Build.0 = Debug|iPhoneSimulator
		{A826116D-3F80-4EC1-9E81-E0CCB9645584}.Debug|x64.ActiveCfg = Debug|iPhone
		{A826116D-3F80-4EC1-9E81-E0CCB9645584}.Debug|x86.ActiveCfg = Debug|iPhone
		{A826116D-3F80-4EC1-9E81-E0CCB9645584}.Release|Any CPU.ActiveCfg = Release|iPhone
		{A826116D-3F80-4EC1-9E81-E0CCB9645584}.Release|ARM.ActiveCfg = Release|iPhone
		{A826116D-3F80-4EC1-9E81-E0CCB9645584}.Release|iPhone.ActiveCfg = Release|iPhone
		{A826116D-3F80-4EC1-9E81-E0CCB9645584}.Release|iPhone.Build.0 = Release|iPhone
		{A826116D-3F80-4EC1-9E81-E0CCB9645584}.Release|iPhoneSimulator.ActiveCfg = Release|iPhoneSimulator
		{A826116D-3F80-4EC1-9E81-E0CCB9645584}.Release|iPhoneSimulator.Build.0 = Release|iPhoneSimulator
		{A826116D-3F80-4EC1-9E81-E0CCB9645584}.Release|x64.ActiveCfg = Release|iPhone
		{A826116D-3F80-4EC1-9E81-E0CCB9645584}.Release|x86.ActiveCfg = Release|iPhone
		{F53B3A01-5707-4517-8218-D90E4EB96D7B}.Ad-Hoc|Any CPU.ActiveCfg = Release|x86
		{F53B3A01-5707-4517-8218-D90E4EB96D7B}.Ad-Hoc|Any CPU.Build.0 = Release|x86
		{F53B3A01-5707-4517-8218-D90E4EB96D7B}.Ad-Hoc|Any CPU.Deploy.0 = Release|x86
		{F53B3A01-5707-4517-8218-D90E4EB96D7B}.Ad-Hoc|ARM.ActiveCfg = Release|ARM
		{F53B3A01-5707-4517-8218-D90E4EB96D7B}.Ad-Hoc|ARM.Build.0 = Release|ARM
		{F53B3A01-5707-4517-8218-D90E4EB96D7B}.Ad-Hoc|ARM.Deploy.0 = Release|ARM
		{F53B3A01-5707-4517-8218-D90E4EB96D7B}.Ad-Hoc|iPhone.ActiveCfg = Release|x86
		{F53B3A01-5707-4517-8218-D90E4EB96D7B}.Ad-Hoc|iPhone.Build.0 = Release|x86
		{F53B3A01-5707-4517-8218-D90E4EB96D7B}.Ad-Hoc|iPhone.Deploy.0 = Release|x86
		{F53B3A01-5707-4517-8218-D90E4EB96D7B}.Ad-Hoc|iPhoneSimulator.ActiveCfg = Release|x86
		{F53B3A01-5707-4517-8218-D90E4EB96D7B}.Ad-Hoc|iPhoneSimulator.Build.0 = Release|x86
		{F53B3A01-5707-4517-8218-D90E4EB96D7B}.Ad-Hoc|iPhoneSimulator.Deploy.0 = Release|x86
		{F53B3A01-5707-4517-8218-D90E4EB96D7B}.Ad-Hoc|x64.ActiveCfg = Release|x64
		{F53B3A01-5707-4517-8218-D90E4EB96D7B}.Ad-Hoc|x64.Build.0 = Release|x64
		{F53B3A01-5707-4517-8218-D90E4EB96D7B}.Ad-Hoc|x64.Deploy.0 = Release|x64
		{F53B3A01-5707-4517-8218-D90E4EB96D7B}.Ad-Hoc|x86.ActiveCfg = Release|x86
		{F53B3A01-5707-4517-8218-D90E4EB96D7B}.Ad-Hoc|x86.Build.0 = Release|x86
		{F53B3A01-5707-4517-8218-D90E4EB96D7B}.Ad-Hoc|x86.Deploy.0 = Release|x86
		{F53B3A01-5707-4517-8218-D90E4EB96D7B}.AppStore|Any CPU.ActiveCfg = Release|x86
		{F53B3A01-5707-4517-8218-D90E4EB96D7B}.AppStore|Any CPU.Build.0 = Release|x86
		{F53B3A01-5707-4517-8218-D90E4EB96D7B}.AppStore|Any CPU.Deploy.0 = Release|x86
		{F53B3A01-5707-4517-8218-D90E4EB96D7B}.AppStore|ARM.ActiveCfg = Release|ARM
		{F53B3A01-5707-4517-8218-D90E4EB96D7B}.AppStore|ARM.Build.0 = Release|ARM
		{F53B3A01-5707-4517-8218-D90E4EB96D7B}.AppStore|ARM.Deploy.0 = Release|ARM
		{F53B3A01-5707-4517-8218-D90E4EB96D7B}.AppStore|iPhone.ActiveCfg = Release|x86
		{F53B3A01-5707-4517-8218-D90E4EB96D7B}.AppStore|iPhone.Build.0 = Release|x86
		{F53B3A01-5707-4517-8218-D90E4EB96D7B}.AppStore|iPhone.Deploy.0 = Release|x86
		{F53B3A01-5707-4517-8218-D90E4EB96D7B}.AppStore|iPhoneSimulator.ActiveCfg = Release|x86
		{F53B3A01-5707-4517-8218-D90E4EB96D7B}.AppStore|iPhoneSimulator.Build.0 = Release|x86
		{F53B3A01-5707-4517-8218-D90E4EB96D7B}.AppStore|iPhoneSimulator.Deploy.0 = Release|x86
		{F53B3A01-5707-4517-8218-D90E4EB96D7B}.AppStore|x64.ActiveCfg = Release|x64
		{F53B3A01-5707-4517-8218-D90E4EB96D7B}.AppStore|x64.Build.0 = Release|x64
		{F53B3A01-5707-4517-8218-D90E4EB96D7B}.AppStore|x64.Deploy.0 = Release|x64
		{F53B3A01-5707-4517-8218-D90E4EB96D7B}.AppStore|x86.ActiveCfg = Release|x86
		{F53B3A01-5707-4517-8218-D90E4EB96D7B}.AppStore|x86.Build.0 = Release|x86
		{F53B3A01-5707-4517-8218-D90E4EB96D7B}.AppStore|x86.Deploy.0 = Release|x86
		{F53B3A01-5707-4517-8218-D90E4EB96D7B}.Debug|Any CPU.ActiveCfg = Debug|x86
		{F53B3A01-5707-4517-8218-D90E4EB96D7B}.Debug|ARM.ActiveCfg = Debug|ARM
		{F53B3A01-5707-4517-8218-D90E4EB96D7B}.Debug|ARM.Build.0 = Debug|ARM
		{F53B3A01-5707-4517-8218-D90E4EB96D7B}.Debug|ARM.Deploy.0 = Debug|ARM
		{F53B3A01-5707-4517-8218-D90E4EB96D7B}.Debug|iPhone.ActiveCfg = Debug|x86
		{F53B3A01-5707-4517-8218-D90E4EB96D7B}.Debug|iPhoneSimulator.ActiveCfg = Debug|x86
		{F53B3A01-5707-4517-8218-D90E4EB96D7B}.Debug|x64.ActiveCfg = Debug|x64
		{F53B3A01-5707-4517-8218-D90E4EB96D7B}.Debug|x64.Build.0 = Debug|x64
		{F53B3A01-5707-4517-8218-D90E4EB96D7B}.Debug|x64.Deploy.0 = Debug|x64
		{F53B3A01-5707-4517-8218-D90E4EB96D7B}.Debug|x86.ActiveCfg = Debug|x86
		{F53B3A01-5707-4517-8218-D90E4EB96D7B}.Debug|x86.Build.0 = Debug|x86
		{F53B3A01-5707-4517-8218-D90E4EB96D7B}.Debug|x86.Deploy.0 = Debug|x86
		{F53B3A01-5707-4517-8218-D90E4EB96D7B}.Release|Any CPU.ActiveCfg = Release|x86
		{F53B3A01-5707-4517-8218-D90E4EB96D7B}.Release|ARM.ActiveCfg = Release|ARM
		{F53B3A01-5707-4517-8218-D90E4EB96D7B}.Release|ARM.Build.0 = Release|ARM
		{F53B3A01-5707-4517-8218-D90E4EB96D7B}.Release|ARM.Deploy.0 = Release|ARM
		{F53B3A01-5707-4517-8218-D90E4EB96D7B}.Release|iPhone.ActiveCfg = Release|x86
		{F53B3A01-5707-4517-8218-D90E4EB96D7B}.Release|iPhoneSimulator.ActiveCfg = Release|x86
		{F53B3A01-5707-4517-8218-D90E4EB96D7B}.Release|x64.ActiveCfg = Release|x64
		{F53B3A01-5707-4517-8218-D90E4EB96D7B}.Release|x64.Build.0 = Release|x64
		{F53B3A01-5707-4517-8218-D90E4EB96D7B}.Release|x64.Deploy.0 = Release|x64
		{F53B3A01-5707-4517-8218-D90E4EB96D7B}.Release|x86.ActiveCfg = Release|x86
		{F53B3A01-5707-4517-8218-D90E4EB96D7B}.Release|x86.Build.0 = Release|x86
		{F53B3A01-5707-4517-8218-D90E4EB96D7B}.Release|x86.Deploy.0 = Release|x86
		{50FDFC26-7AFF-440C-A71C-BF8CCBC1CC41}.Ad-Hoc|Any CPU.ActiveCfg = Debug|Any CPU
		{50FDFC26-7AFF-440C-A71C-BF8CCBC1CC41}.Ad-Hoc|Any CPU.Build.0 = Debug|Any CPU
		{50FDFC26-7AFF-440C-A71C-BF8CCBC1CC41}.Ad-Hoc|ARM.ActiveCfg = Debug|Any CPU
		{50FDFC26-7AFF-440C-A71C-BF8CCBC1CC41}.Ad-Hoc|ARM.Build.0 = Debug|Any CPU
		{50FDFC26-7AFF-440C-A71C-BF8CCBC1CC41}.Ad-Hoc|iPhone.ActiveCfg = Debug|Any CPU
		{50FDFC26-7AFF-440C-A71C-BF8CCBC1CC41}.Ad-Hoc|iPhone.Build.0 = Debug|Any CPU
		{50FDFC26-7AFF-440C-A71C-BF8CCBC1CC41}.Ad-Hoc|iPhoneSimulator.ActiveCfg = Debug|Any CPU
		{50FDFC26-7AFF-440C-A71C-BF8CCBC1CC41}.Ad-Hoc|iPhoneSimulator.Build.0 = Debug|Any CPU
		{50FDFC26-7AFF-440C-A71C-BF8CCBC1CC41}.Ad-Hoc|x64.ActiveCfg = Debug|Any CPU
		{50FDFC26-7AFF-440C-A71C-BF8CCBC1CC41}.Ad-Hoc|x64.Build.0 = Debug|Any CPU
		{50FDFC26-7AFF-440C-A71C-BF8CCBC1CC41}.Ad-Hoc|x86.ActiveCfg = Debug|Any CPU
		{50FDFC26-7AFF-440C-A71C-BF8CCBC1CC41}.Ad-Hoc|x86.Build.0 = Debug|Any CPU
		{50FDFC26-7AFF-440C-A71C-BF8CCBC1CC41}.AppStore|Any CPU.ActiveCfg = Debug|Any CPU
		{50FDFC26-7AFF-440C-A71C-BF8CCBC1CC41}.AppStore|Any CPU.Build.0 = Debug|Any CPU
		{50FDFC26-7AFF-440C-A71C-BF8CCBC1CC41}.AppStore|ARM.ActiveCfg = Debug|Any CPU
		{50FDFC26-7AFF-440C-A71C-BF8CCBC1CC41}.AppStore|ARM.Build.0 = Debug|Any CPU
		{50FDFC26-7AFF-440C-A71C-BF8CCBC1CC41}.AppStore|iPhone.ActiveCfg = Debug|Any CPU
		{50FDFC26-7AFF-440C-A71C-BF8CCBC1CC41}.AppStore|iPhone.Build.0 = Debug|Any CPU
		{50FDFC26-7AFF-440C-A71C-BF8CCBC1CC41}.AppStore|iPhoneSimulator.ActiveCfg = Debug|Any CPU
		{50FDFC26-7AFF-440C-A71C-BF8CCBC1CC41}.AppStore|iPhoneSimulator.Build.0 = Debug|Any CPU
		{50FDFC26-7AFF-440C-A71C-BF8CCBC1CC41}.AppStore|x64.ActiveCfg = Debug|Any CPU
		{50FDFC26-7AFF-440C-A71C-BF8CCBC1CC41}.AppStore|x64.Build.0 = Debug|Any CPU
		{50FDFC26-7AFF-440C-A71C-BF8CCBC1CC41}.AppStore|x86.ActiveCfg = Debug|Any CPU
		{50FDFC26-7AFF-440C-A71C-BF8CCBC1CC41}.AppStore|x86.Build.0 = Debug|Any CPU
		{50FDFC26-7AFF-440C-A71C-BF8CCBC1CC41}.Debug|Any CPU.ActiveCfg = Debug|Any CPU
		{50FDFC26-7AFF-440C-A71C-BF8CCBC1CC41}.Debug|Any CPU.Build.0 = Debug|Any CPU
		{50FDFC26-7AFF-440C-A71C-BF8CCBC1CC41}.Debug|ARM.ActiveCfg = Debug|Any CPU
		{50FDFC26-7AFF-440C-A71C-BF8CCBC1CC41}.Debug|ARM.Build.0 = Debug|Any CPU
		{50FDFC26-7AFF-440C-A71C-BF8CCBC1CC41}.Debug|iPhone.ActiveCfg = Debug|Any CPU
		{50FDFC26-7AFF-440C-A71C-BF8CCBC1CC41}.Debug|iPhone.Build.0 = Debug|Any CPU
		{50FDFC26-7AFF-440C-A71C-BF8CCBC1CC41}.Debug|iPhoneSimulator.ActiveCfg = Debug|Any CPU
		{50FDFC26-7AFF-440C-A71C-BF8CCBC1CC41}.Debug|iPhoneSimulator.Build.0 = Debug|Any CPU
		{50FDFC26-7AFF-440C-A71C-BF8CCBC1CC41}.Debug|x64.ActiveCfg = Debug|Any CPU
		{50FDFC26-7AFF-440C-A71C-BF8CCBC1CC41}.Debug|x64.Build.0 = Debug|Any CPU
		{50FDFC26-7AFF-440C-A71C-BF8CCBC1CC41}.Debug|x86.ActiveCfg = Debug|Any CPU
		{50FDFC26-7AFF-440C-A71C-BF8CCBC1CC41}.Debug|x86.Build.0 = Debug|Any CPU
		{50FDFC26-7AFF-440C-A71C-BF8CCBC1CC41}.Release|Any CPU.ActiveCfg = Release|Any CPU
		{50FDFC26-7AFF-440C-A71C-BF8CCBC1CC41}.Release|Any CPU.Build.0 = Release|Any CPU
		{50FDFC26-7AFF-440C-A71C-BF8CCBC1CC41}.Release|ARM.ActiveCfg = Release|Any CPU
		{50FDFC26-7AFF-440C-A71C-BF8CCBC1CC41}.Release|ARM.Build.0 = Release|Any CPU
		{50FDFC26-7AFF-440C-A71C-BF8CCBC1CC41}.Release|iPhone.ActiveCfg = Release|Any CPU
		{50FDFC26-7AFF-440C-A71C-BF8CCBC1CC41}.Release|iPhone.Build.0 = Release|Any CPU
		{50FDFC26-7AFF-440C-A71C-BF8CCBC1CC41}.Release|iPhoneSimulator.ActiveCfg = Release|Any CPU
		{50FDFC26-7AFF-440C-A71C-BF8CCBC1CC41}.Release|iPhoneSimulator.Build.0 = Release|Any CPU
		{50FDFC26-7AFF-440C-A71C-BF8CCBC1CC41}.Release|x64.ActiveCfg = Release|Any CPU
		{50FDFC26-7AFF-440C-A71C-BF8CCBC1CC41}.Release|x64.Build.0 = Release|Any CPU
		{50FDFC26-7AFF-440C-A71C-BF8CCBC1CC41}.Release|x86.ActiveCfg = Release|Any CPU
		{50FDFC26-7AFF-440C-A71C-BF8CCBC1CC41}.Release|x86.Build.0 = Release|Any CPU
	EndGlobalSection
	GlobalSection(SolutionProperties) = preSolution
		HideSolutionNode = FALSE
	EndGlobalSection
	GlobalSection(ExtensibilityGlobals) = postSolution
		SolutionGuid = {5F22616A-1BCF-4111-B218-620B46C1187B}
	EndGlobalSection
EndGlobal
